Microsoft Visual Studio Solution File, Format Version 9.00
# Visual Studio 2005
Project("{8BC9CEB8-8B4A-11D0-8D11-00A0C91BC942}") = "SpeedDemonLIB", "speeddemonlib\SpeedDemonLib.vcproj", "{0D9ABC70-7D09-444C-A2AA-4930F53436A8}"
	ProjectSection(ProjectDependencies) = postProject
		{0BE943DA-B2B4-4352-819F-6A8309230101} = {0BE943DA-B2B4-4352-819F-6A8309230101}
	EndProjectSection
EndProject
Project("{2150E333-8FDC-42A3-9474-1A3956D46DE8}") = "Profiler", "Profiler", "{F6BBEAE7-3509-4DBD-A34A-30FE6CD40523}"
EndProject
Project("{2150E333-8FDC-42A3-9474-1A3956D46DE8}") = "Tests", "Tests", "{8DC2F8D0-D59F-4045-A043-6611783F5435}"
EndProject
Project("{2150E333-8FDC-42A3-9474-1A3956D46DE8}") = "WCE", "WCE", "{82F0B17D-997F-46BC-AD8E-347C2D37318A}"
EndProject
Project("{2150E333-8FDC-42A3-9474-1A3956D46DE8}") = "Win32", "Win32", "{105D19FA-1EE8-40CA-95D1-5C1594DD6FC3}"
EndProject
Project("{8BC9CEB8-8B4A-11D0-8D11-00A0C91BC942}") = "sdtest_ppc1", "tests\ppc\sdtest_ppc1\sdtest_ppc1.vcproj", "{BABF383B-112D-4097-AED9-E3045F37BA8B}"
	ProjectSection(ProjectDependencies) = postProject
		{0D9ABC70-7D09-444C-A2AA-4930F53436A8} = {0D9ABC70-7D09-444C-A2AA-4930F53436A8}
	EndProjectSection
EndProject
Project("{8BC9CEB8-8B4A-11D0-8D11-00A0C91BC942}") = "sdtest_ppc2", "tests\ppc\sdtest_ppc2\sdtest_ppc2.vcproj", "{5405BD72-3014-4829-9E6D-49CE1D15E0D8}"
	ProjectSection(ProjectDependencies) = postProject
		{EBBA4D00-D5DC-40E0-8E80-0FD6FD35D1C0} = {EBBA4D00-D5DC-40E0-8E80-0FD6FD35D1C0}
		{0D9ABC70-7D09-444C-A2AA-4930F53436A8} = {0D9ABC70-7D09-444C-A2AA-4930F53436A8}
	EndProjectSection
EndProject
Project("{8BC9CEB8-8B4A-11D0-8D11-00A0C91BC942}") = "sdtest_ppc2dll", "tests\ppc\sdtest_ppc2dll\sdtest_ppc2dll.vcproj", "{EBBA4D00-D5DC-40E0-8E80-0FD6FD35D1C0}"
	ProjectSection(ProjectDependencies) = postProject
		{0D9ABC70-7D09-444C-A2AA-4930F53436A8} = {0D9ABC70-7D09-444C-A2AA-4930F53436A8}
	EndProjectSection
EndProject
Project("{8BC9CEB8-8B4A-11D0-8D11-00A0C91BC942}") = "sdtest1", "tests\x86\sdtest1\sdtest1.vcproj", "{E25D81D5-F8ED-497E-B1CF-67A7B3ABBACF}"
	ProjectSection(ProjectDependencies) = postProject
		{0D9ABC70-7D09-444C-A2AA-4930F53436A8} = {0D9ABC70-7D09-444C-A2AA-4930F53436A8}
	EndProjectSection
EndProject
Project("{8BC9CEB8-8B4A-11D0-8D11-00A0C91BC942}") = "sdtest2", "tests\x86\sdtest2\sdtest2.vcproj", "{A8EA09F9-A64B-4C72-85C7-49329D825C8C}"
	ProjectSection(ProjectDependencies) = postProject
		{0D9ABC70-7D09-444C-A2AA-4930F53436A8} = {0D9ABC70-7D09-444C-A2AA-4930F53436A8}
	EndProjectSection
EndProject
Project("{8BC9CEB8-8B4A-11D0-8D11-00A0C91BC942}") = "sdtest3", "tests\x86\sdtest3\sdtest3.vcproj", "{34AA97D8-C550-44A4-94CE-77504F2F8063}"
	ProjectSection(ProjectDependencies) = postProject
		{0D9ABC70-7D09-444C-A2AA-4930F53436A8} = {0D9ABC70-7D09-444C-A2AA-4930F53436A8}
	EndProjectSection
EndProject
Project("{8BC9CEB8-8B4A-11D0-8D11-00A0C91BC942}") = "sdtest4", "tests\x86\sdtest4\sdtest4.vcproj", "{1AAF4E62-4609-480C-931B-D7DA8C23C34E}"
	ProjectSection(ProjectDependencies) = postProject
		{0D9ABC70-7D09-444C-A2AA-4930F53436A8} = {0D9ABC70-7D09-444C-A2AA-4930F53436A8}
	EndProjectSection
EndProject
Project("{8BC9CEB8-8B4A-11D0-8D11-00A0C91BC942}") = "sdtest4dll", "tests\x86\sdtest4dll\sdtest4dll.vcproj", "{CA42BB55-9105-4062-AD7F-88367B09452A}"
	ProjectSection(ProjectDependencies) = postProject
		{0D9ABC70-7D09-444C-A2AA-4930F53436A8} = {0D9ABC70-7D09-444C-A2AA-4930F53436A8}
	EndProjectSection
EndProject
Project("{8BC9CEB8-8B4A-11D0-8D11-00A0C91BC942}") = "SpeedDemonDLL", "speeddemonlib\SpeedDemonDll.vcproj", "{F9D54B5C-37D0-4C1A-9839-6FC8E83D43F3}"
	ProjectSection(ProjectDependencies) = postProject
		{0BE943DA-B2B4-4352-819F-6A8309230101} = {0BE943DA-B2B4-4352-819F-6A8309230101}
	EndProjectSection
EndProject
Project("{8BC9CEB8-8B4A-11D0-8D11-00A0C91BC942}") = "sdmon", "sdmon\sdmon.vcproj", "{0BE943DA-B2B4-4352-819F-6A8309230101}"
EndProject
Project("{8BC9CEB8-8B4A-11D0-8D11-00A0C91BC942}") = "wxscintilla", "wxscintilla\build\wxscintilla.vcproj", "{5047744F-0DFF-4220-954E-3782B552DAA5}"
EndProject
Global
	GlobalSection(SolutionConfigurationPlatforms) = preSolution
		PXA255|Pocket PC 2003 (ARMV4) = PXA255|Pocket PC 2003 (ARMV4)
		PXA255|Win32 = PXA255|Win32
		PXA255|Windows Mobile 5.0 Pocket PC SDK (ARMV4I) = PXA255|Windows Mobile 5.0 Pocket PC SDK (ARMV4I)
		PXA255|x64 = PXA255|x64
		PXA270|Pocket PC 2003 (ARMV4) = PXA270|Pocket PC 2003 (ARMV4)
		PXA270|Win32 = PXA270|Win32
		PXA270|Windows Mobile 5.0 Pocket PC SDK (ARMV4I) = PXA270|Windows Mobile 5.0 Pocket PC SDK (ARMV4I)
		PXA270|x64 = PXA270|x64
		x64|Pocket PC 2003 (ARMV4) = x64|Pocket PC 2003 (ARMV4)
		x64|Win32 = x64|Win32
		x64|Windows Mobile 5.0 Pocket PC SDK (ARMV4I) = x64|Windows Mobile 5.0 Pocket PC SDK (ARMV4I)
		x64|x64 = x64|x64
		X86|Pocket PC 2003 (ARMV4) = X86|Pocket PC 2003 (ARMV4)
		X86|Win32 = X86|Win32
		X86|Windows Mobile 5.0 Pocket PC SDK (ARMV4I) = X86|Windows Mobile 5.0 Pocket PC SDK (ARMV4I)
		X86|x64 = X86|x64
	EndGlobalSection
	GlobalSection(ProjectConfigurationPlatforms) = postSolution
		{0D9ABC70-7D09-444C-A2AA-4930F53436A8}.PXA255|Pocket PC 2003 (ARMV4).ActiveCfg = PXA255|Pocket PC 2003 (ARMV4)
		{0D9ABC70-7D09-444C-A2AA-4930F53436A8}.PXA255|Pocket PC 2003 (ARMV4).Build.0 = PXA255|Pocket PC 2003 (ARMV4)
		{0D9ABC70-7D09-444C-A2AA-4930F53436A8}.PXA255|Win32.ActiveCfg = PXA255|Pocket PC 2003 (ARMV4)
		{0D9ABC70-7D09-444C-A2AA-4930F53436A8}.PXA255|Windows Mobile 5.0 Pocket PC SDK (ARMV4I).ActiveCfg = PXA255|Windows Mobile 5.0 Pocket PC SDK (ARMV4I)
		{0D9ABC70-7D09-444C-A2AA-4930F53436A8}.PXA255|Windows Mobile 5.0 Pocket PC SDK (ARMV4I).Build.0 = PXA255|Windows Mobile 5.0 Pocket PC SDK (ARMV4I)
		{0D9ABC70-7D09-444C-A2AA-4930F53436A8}.PXA255|x64.ActiveCfg = PXA255|x64
		{0D9ABC70-7D09-444C-A2AA-4930F53436A8}.PXA270|Pocket PC 2003 (ARMV4).ActiveCfg = PXA270|Pocket PC 2003 (ARMV4)
		{0D9ABC70-7D09-444C-A2AA-4930F53436A8}.PXA270|Pocket PC 2003 (ARMV4).Build.0 = PXA270|Pocket PC 2003 (ARMV4)
		{0D9ABC70-7D09-444C-A2AA-4930F53436A8}.PXA270|Win32.ActiveCfg = X86|Win32
		{0D9ABC70-7D09-444C-A2AA-4930F53436A8}.PXA270|Windows Mobile 5.0 Pocket PC SDK (ARMV4I).ActiveCfg = PXA270|Windows Mobile 5.0 Pocket PC SDK (ARMV4I)
		{0D9ABC70-7D09-444C-A2AA-4930F53436A8}.PXA270|Windows Mobile 5.0 Pocket PC SDK (ARMV4I).Build.0 = PXA270|Windows Mobile 5.0 Pocket PC SDK (ARMV4I)
		{0D9ABC70-7D09-444C-A2AA-4930F53436A8}.PXA270|x64.ActiveCfg = PXA270|x64
		{0D9ABC70-7D09-444C-A2AA-4930F53436A8}.x64|Pocket PC 2003 (ARMV4).ActiveCfg = x64|Pocket PC 2003 (ARMV4)
		{0D9ABC70-7D09-444C-A2AA-4930F53436A8}.x64|Pocket PC 2003 (ARMV4).Build.0 = x64|Pocket PC 2003 (ARMV4)
		{0D9ABC70-7D09-444C-A2AA-4930F53436A8}.x64|Win32.ActiveCfg = x64|Win32
		{0D9ABC70-7D09-444C-A2AA-4930F53436A8}.x64|Win32.Build.0 = x64|Win32
		{0D9ABC70-7D09-444C-A2AA-4930F53436A8}.x64|Windows Mobile 5.0 Pocket PC SDK (ARMV4I).ActiveCfg = x64|Windows Mobile 5.0 Pocket PC SDK (ARMV4I)
		{0D9ABC70-7D09-444C-A2AA-4930F53436A8}.x64|Windows Mobile 5.0 Pocket PC SDK (ARMV4I).Build.0 = x64|Windows Mobile 5.0 Pocket PC SDK (ARMV4I)
		{0D9ABC70-7D09-444C-A2AA-4930F53436A8}.x64|x64.ActiveCfg = x64|x64
		{0D9ABC70-7D09-444C-A2AA-4930F53436A8}.x64|x64.Build.0 = x64|x64
		{0D9ABC70-7D09-444C-A2AA-4930F53436A8}.X86|Pocket PC 2003 (ARMV4).ActiveCfg = X86|Windows Mobile 5.0 Pocket PC SDK (ARMV4I)
		{0D9ABC70-7D09-444C-A2AA-4930F53436A8}.X86|Win32.ActiveCfg = X86|Win32
		{0D9ABC70-7D09-444C-A2AA-4930F53436A8}.X86|Win32.Build.0 = X86|Win32
		{0D9ABC70-7D09-444C-A2AA-4930F53436A8}.X86|Windows Mobile 5.0 Pocket PC SDK (ARMV4I).ActiveCfg = X86|Windows Mobile 5.0 Pocket PC SDK (ARMV4I)
		{0D9ABC70-7D09-444C-A2AA-4930F53436A8}.X86|x64.ActiveCfg = X86|x64
		{BABF383B-112D-4097-AED9-E3045F37BA8B}.PXA255|Pocket PC 2003 (ARMV4).ActiveCfg = PXA255|Pocket PC 2003 (ARMV4)
		{BABF383B-112D-4097-AED9-E3045F37BA8B}.PXA255|Pocket PC 2003 (ARMV4).Build.0 = PXA255|Pocket PC 2003 (ARMV4)
		{BABF383B-112D-4097-AED9-E3045F37BA8B}.PXA255|Pocket PC 2003 (ARMV4).Deploy.0 = PXA255|Pocket PC 2003 (ARMV4)
		{BABF383B-112D-4097-AED9-E3045F37BA8B}.PXA255|Win32.ActiveCfg = PXA255|Windows Mobile 5.0 Pocket PC SDK (ARMV4I)
		{BABF383B-112D-4097-AED9-E3045F37BA8B}.PXA255|Windows Mobile 5.0 Pocket PC SDK (ARMV4I).ActiveCfg = PXA255|Windows Mobile 5.0 Pocket PC SDK (ARMV4I)
		{BABF383B-112D-4097-AED9-E3045F37BA8B}.PXA255|Windows Mobile 5.0 Pocket PC SDK (ARMV4I).Build.0 = PXA255|Windows Mobile 5.0 Pocket PC SDK (ARMV4I)
		{BABF383B-112D-4097-AED9-E3045F37BA8B}.PXA255|Windows Mobile 5.0 Pocket PC SDK (ARMV4I).Deploy.0 = PXA255|Windows Mobile 5.0 Pocket PC SDK (ARMV4I)
		{BABF383B-112D-4097-AED9-E3045F37BA8B}.PXA255|x64.ActiveCfg = PXA255|x64
		{BABF383B-112D-4097-AED9-E3045F37BA8B}.PXA270|Pocket PC 2003 (ARMV4).ActiveCfg = PXA270|Pocket PC 2003 (ARMV4)
		{BABF383B-112D-4097-AED9-E3045F37BA8B}.PXA270|Pocket PC 2003 (ARMV4).Build.0 = PXA270|Pocket PC 2003 (ARMV4)
		{BABF383B-112D-4097-AED9-E3045F37BA8B}.PXA270|Pocket PC 2003 (ARMV4).Deploy.0 = PXA270|Pocket PC 2003 (ARMV4)
		{BABF383B-112D-4097-AED9-E3045F37BA8B}.PXA270|Win32.ActiveCfg = PXA270|Windows Mobile 5.0 Pocket PC SDK (ARMV4I)
		{BABF383B-112D-4097-AED9-E3045F37BA8B}.PXA270|Windows Mobile 5.0 Pocket PC SDK (ARMV4I).ActiveCfg = PXA270|Windows Mobile 5.0 Pocket PC SDK (ARMV4I)
		{BABF383B-112D-4097-AED9-E3045F37BA8B}.PXA270|Windows Mobile 5.0 Pocket PC SDK (ARMV4I).Build.0 = PXA270|Windows Mobile 5.0 Pocket PC SDK (ARMV4I)
		{BABF383B-112D-4097-AED9-E3045F37BA8B}.PXA270|Windows Mobile 5.0 Pocket PC SDK (ARMV4I).Deploy.0 = PXA270|Windows Mobile 5.0 Pocket PC SDK (ARMV4I)
		{BABF383B-112D-4097-AED9-E3045F37BA8B}.PXA270|x64.ActiveCfg = PXA270|x64
		{BABF383B-112D-4097-AED9-E3045F37BA8B}.x64|Pocket PC 2003 (ARMV4).ActiveCfg = x64|Pocket PC 2003 (ARMV4)
		{BABF383B-112D-4097-AED9-E3045F37BA8B}.x64|Win32.ActiveCfg = x64|Windows Mobile 5.0 Pocket PC SDK (ARMV4I)
		{BABF383B-112D-4097-AED9-E3045F37BA8B}.x64|Windows Mobile 5.0 Pocket PC SDK (ARMV4I).ActiveCfg = x64|Windows Mobile 5.0 Pocket PC SDK (ARMV4I)
		{BABF383B-112D-4097-AED9-E3045F37BA8B}.x64|x64.ActiveCfg = x64|x64
		{BABF383B-112D-4097-AED9-E3045F37BA8B}.X86|Pocket PC 2003 (ARMV4).ActiveCfg = PXA270|Windows Mobile 5.0 Pocket PC SDK (ARMV4I)
		{BABF383B-112D-4097-AED9-E3045F37BA8B}.X86|Win32.ActiveCfg = PXA270|Windows Mobile 5.0 Pocket PC SDK (ARMV4I)
		{BABF383B-112D-4097-AED9-E3045F37BA8B}.X86|Windows Mobile 5.0 Pocket PC SDK (ARMV4I).ActiveCfg = PXA270|Windows Mobile 5.0 Pocket PC SDK (ARMV4I)
		{BABF383B-112D-4097-AED9-E3045F37BA8B}.X86|Windows Mobile 5.0 Pocket PC SDK (ARMV4I).Build.0 = PXA270|Windows Mobile 5.0 Pocket PC SDK (ARMV4I)
		{BABF383B-112D-4097-AED9-E3045F37BA8B}.X86|Windows Mobile 5.0 Pocket PC SDK (ARMV4I).Deploy.0 = PXA270|Windows Mobile 5.0 Pocket PC SDK (ARMV4I)
		{BABF383B-112D-4097-AED9-E3045F37BA8B}.X86|x64.ActiveCfg = PXA270|x64
		{5405BD72-3014-4829-9E6D-49CE1D15E0D8}.PXA255|Pocket PC 2003 (ARMV4).ActiveCfg = PXA255|Pocket PC 2003 (ARMV4)
		{5405BD72-3014-4829-9E6D-49CE1D15E0D8}.PXA255|Pocket PC 2003 (ARMV4).Build.0 = PXA255|Pocket PC 2003 (ARMV4)
		{5405BD72-3014-4829-9E6D-49CE1D15E0D8}.PXA255|Pocket PC 2003 (ARMV4).Deploy.0 = PXA255|Pocket PC 2003 (ARMV4)
		{5405BD72-3014-4829-9E6D-49CE1D15E0D8}.PXA255|Win32.ActiveCfg = PXA255|Windows Mobile 5.0 Pocket PC SDK (ARMV4I)
		{5405BD72-3014-4829-9E6D-49CE1D15E0D8}.PXA255|Windows Mobile 5.0 Pocket PC SDK (ARMV4I).ActiveCfg = PXA255|Windows Mobile 5.0 Pocket PC SDK (ARMV4I)
		{5405BD72-3014-4829-9E6D-49CE1D15E0D8}.PXA255|Windows Mobile 5.0 Pocket PC SDK (ARMV4I).Build.0 = PXA255|Windows Mobile 5.0 Pocket PC SDK (ARMV4I)
		{5405BD72-3014-4829-9E6D-49CE1D15E0D8}.PXA255|Windows Mobile 5.0 Pocket PC SDK (ARMV4I).Deploy.0 = PXA255|Windows Mobile 5.0 Pocket PC SDK (ARMV4I)
		{5405BD72-3014-4829-9E6D-49CE1D15E0D8}.PXA255|x64.ActiveCfg = PXA255|x64
		{5405BD72-3014-4829-9E6D-49CE1D15E0D8}.PXA270|Pocket PC 2003 (ARMV4).ActiveCfg = PXA270|Pocket PC 2003 (ARMV4)
		{5405BD72-3014-4829-9E6D-49CE1D15E0D8}.PXA270|Pocket PC 2003 (ARMV4).Build.0 = PXA270|Pocket PC 2003 (ARMV4)
		{5405BD72-3014-4829-9E6D-49CE1D15E0D8}.PXA270|Pocket PC 2003 (ARMV4).Deploy.0 = PXA270|Pocket PC 2003 (ARMV4)
		{5405BD72-3014-4829-9E6D-49CE1D15E0D8}.PXA270|Win32.ActiveCfg = PXA270|Windows Mobile 5.0 Pocket PC SDK (ARMV4I)
		{5405BD72-3014-4829-9E6D-49CE1D15E0D8}.PXA270|Windows Mobile 5.0 Pocket PC SDK (ARMV4I).ActiveCfg = PXA270|Windows Mobile 5.0 Pocket PC SDK (ARMV4I)
		{5405BD72-3014-4829-9E6D-49CE1D15E0D8}.PXA270|Windows Mobile 5.0 Pocket PC SDK (ARMV4I).Build.0 = PXA270|Windows Mobile 5.0 Pocket PC SDK (ARMV4I)
		{5405BD72-3014-4829-9E6D-49CE1D15E0D8}.PXA270|Windows Mobile 5.0 Pocket PC SDK (ARMV4I).Deploy.0 = PXA270|Windows Mobile 5.0 Pocket PC SDK (ARMV4I)
		{5405BD72-3014-4829-9E6D-49CE1D15E0D8}.PXA270|x64.ActiveCfg = PXA270|x64
		{5405BD72-3014-4829-9E6D-49CE1D15E0D8}.x64|Pocket PC 2003 (ARMV4).ActiveCfg = x64|Pocket PC 2003 (ARMV4)
		{5405BD72-3014-4829-9E6D-49CE1D15E0D8}.x64|Win32.ActiveCfg = x64|Windows Mobile 5.0 Pocket PC SDK (ARMV4I)
		{5405BD72-3014-4829-9E6D-49CE1D15E0D8}.x64|Windows Mobile 5.0 Pocket PC SDK (ARMV4I).ActiveCfg = x64|Windows Mobile 5.0 Pocket PC SDK (ARMV4I)
		{5405BD72-3014-4829-9E6D-49CE1D15E0D8}.x64|x64.ActiveCfg = x64|x64
		{5405BD72-3014-4829-9E6D-49CE1D15E0D8}.X86|Pocket PC 2003 (ARMV4).ActiveCfg = PXA270|Windows Mobile 5.0 Pocket PC SDK (ARMV4I)
		{5405BD72-3014-4829-9E6D-49CE1D15E0D8}.X86|Win32.ActiveCfg = PXA270|Windows Mobile 5.0 Pocket PC SDK (ARMV4I)
		{5405BD72-3014-4829-9E6D-49CE1D15E0D8}.X86|Windows Mobile 5.0 Pocket PC SDK (ARMV4I).ActiveCfg = PXA270|Windows Mobile 5.0 Pocket PC SDK (ARMV4I)
		{5405BD72-3014-4829-9E6D-49CE1D15E0D8}.X86|Windows Mobile 5.0 Pocket PC SDK (ARMV4I).Build.0 = PXA270|Windows Mobile 5.0 Pocket PC SDK (ARMV4I)
		{5405BD72-3014-4829-9E6D-49CE1D15E0D8}.X86|Windows Mobile 5.0 Pocket PC SDK (ARMV4I).Deploy.0 = PXA270|Windows Mobile 5.0 Pocket PC SDK (ARMV4I)
		{5405BD72-3014-4829-9E6D-49CE1D15E0D8}.X86|x64.ActiveCfg = PXA270|x64
		{EBBA4D00-D5DC-40E0-8E80-0FD6FD35D1C0}.PXA255|Pocket PC 2003 (ARMV4).ActiveCfg = PXA255|Pocket PC 2003 (ARMV4)
		{EBBA4D00-D5DC-40E0-8E80-0FD6FD35D1C0}.PXA255|Pocket PC 2003 (ARMV4).Build.0 = PXA255|Pocket PC 2003 (ARMV4)
		{EBBA4D00-D5DC-40E0-8E80-0FD6FD35D1C0}.PXA255|Pocket PC 2003 (ARMV4).Deploy.0 = PXA255|Pocket PC 2003 (ARMV4)
		{EBBA4D00-D5DC-40E0-8E80-0FD6FD35D1C0}.PXA255|Win32.ActiveCfg = PXA255|Windows Mobile 5.0 Pocket PC SDK (ARMV4I)
		{EBBA4D00-D5DC-40E0-8E80-0FD6FD35D1C0}.PXA255|Windows Mobile 5.0 Pocket PC SDK (ARMV4I).ActiveCfg = PXA255|Windows Mobile 5.0 Pocket PC SDK (ARMV4I)
		{EBBA4D00-D5DC-40E0-8E80-0FD6FD35D1C0}.PXA255|Windows Mobile 5.0 Pocket PC SDK (ARMV4I).Build.0 = PXA255|Windows Mobile 5.0 Pocket PC SDK (ARMV4I)
		{EBBA4D00-D5DC-40E0-8E80-0FD6FD35D1C0}.PXA255|Windows Mobile 5.0 Pocket PC SDK (ARMV4I).Deploy.0 = PXA255|Windows Mobile 5.0 Pocket PC SDK (ARMV4I)
		{EBBA4D00-D5DC-40E0-8E80-0FD6FD35D1C0}.PXA255|x64.ActiveCfg = PXA255|x64
		{EBBA4D00-D5DC-40E0-8E80-0FD6FD35D1C0}.PXA270|Pocket PC 2003 (ARMV4).ActiveCfg = PXA270|Pocket PC 2003 (ARMV4)
		{EBBA4D00-D5DC-40E0-8E80-0FD6FD35D1C0}.PXA270|Pocket PC 2003 (ARMV4).Build.0 = PXA270|Pocket PC 2003 (ARMV4)
		{EBBA4D00-D5DC-40E0-8E80-0FD6FD35D1C0}.PXA270|Pocket PC 2003 (ARMV4).Deploy.0 = PXA270|Pocket PC 2003 (ARMV4)
		{EBBA4D00-D5DC-40E0-8E80-0FD6FD35D1C0}.PXA270|Win32.ActiveCfg = PXA270|Windows Mobile 5.0 Pocket PC SDK (ARMV4I)
		{EBBA4D00-D5DC-40E0-8E80-0FD6FD35D1C0}.PXA270|Windows Mobile 5.0 Pocket PC SDK (ARMV4I).ActiveCfg = PXA270|Windows Mobile 5.0 Pocket PC SDK (ARMV4I)
		{EBBA4D00-D5DC-40E0-8E80-0FD6FD35D1C0}.PXA270|Windows Mobile 5.0 Pocket PC SDK (ARMV4I).Build.0 = PXA270|Windows Mobile 5.0 Pocket PC SDK (ARMV4I)
		{EBBA4D00-D5DC-40E0-8E80-0FD6FD35D1C0}.PXA270|Windows Mobile 5.0 Pocket PC SDK (ARMV4I).Deploy.0 = PXA270|Windows Mobile 5.0 Pocket PC SDK (ARMV4I)
		{EBBA4D00-D5DC-40E0-8E80-0FD6FD35D1C0}.PXA270|x64.ActiveCfg = PXA270|x64
		{EBBA4D00-D5DC-40E0-8E80-0FD6FD35D1C0}.x64|Pocket PC 2003 (ARMV4).ActiveCfg = x64|Pocket PC 2003 (ARMV4)
		{EBBA4D00-D5DC-40E0-8E80-0FD6FD35D1C0}.x64|Win32.ActiveCfg = x64|Windows Mobile 5.0 Pocket PC SDK (ARMV4I)
		{EBBA4D00-D5DC-40E0-8E80-0FD6FD35D1C0}.x64|Windows Mobile 5.0 Pocket PC SDK (ARMV4I).ActiveCfg = x64|Windows Mobile 5.0 Pocket PC SDK (ARMV4I)
		{EBBA4D00-D5DC-40E0-8E80-0FD6FD35D1C0}.x64|x64.ActiveCfg = x64|x64
		{EBBA4D00-D5DC-40E0-8E80-0FD6FD35D1C0}.X86|Pocket PC 2003 (ARMV4).ActiveCfg = PXA255|Windows Mobile 5.0 Pocket PC SDK (ARMV4I)
		{EBBA4D00-D5DC-40E0-8E80-0FD6FD35D1C0}.X86|Win32.ActiveCfg = PXA255|Windows Mobile 5.0 Pocket PC SDK (ARMV4I)
		{EBBA4D00-D5DC-40E0-8E80-0FD6FD35D1C0}.X86|Windows Mobile 5.0 Pocket PC SDK (ARMV4I).ActiveCfg = PXA255|Windows Mobile 5.0 Pocket PC SDK (ARMV4I)
		{EBBA4D00-D5DC-40E0-8E80-0FD6FD35D1C0}.X86|Windows Mobile 5.0 Pocket PC SDK (ARMV4I).Build.0 = PXA255|Windows Mobile 5.0 Pocket PC SDK (ARMV4I)
		{EBBA4D00-D5DC-40E0-8E80-0FD6FD35D1C0}.X86|Windows Mobile 5.0 Pocket PC SDK (ARMV4I).Deploy.0 = PXA255|Windows Mobile 5.0 Pocket PC SDK (ARMV4I)
		{EBBA4D00-D5DC-40E0-8E80-0FD6FD35D1C0}.X86|x64.ActiveCfg = PXA255|x64
		{E25D81D5-F8ED-497E-B1CF-67A7B3ABBACF}.PXA255|Pocket PC 2003 (ARMV4).ActiveCfg = X86|Windows Mobile 5.0 Pocket PC SDK (ARMV4I)
		{E25D81D5-F8ED-497E-B1CF-67A7B3ABBACF}.PXA255|Win32.ActiveCfg = X86|Windows Mobile 5.0 Pocket PC SDK (ARMV4I)
		{E25D81D5-F8ED-497E-B1CF-67A7B3ABBACF}.PXA255|Windows Mobile 5.0 Pocket PC SDK (ARMV4I).ActiveCfg = X86|Windows Mobile 5.0 Pocket PC SDK (ARMV4I)
		{E25D81D5-F8ED-497E-B1CF-67A7B3ABBACF}.PXA255|x64.ActiveCfg = X86|x64
		{E25D81D5-F8ED-497E-B1CF-67A7B3ABBACF}.PXA255|x64.Build.0 = X86|x64
		{E25D81D5-F8ED-497E-B1CF-67A7B3ABBACF}.PXA270|Pocket PC 2003 (ARMV4).ActiveCfg = X86|Windows Mobile 5.0 Pocket PC SDK (ARMV4I)
		{E25D81D5-F8ED-497E-B1CF-67A7B3ABBACF}.PXA270|Win32.ActiveCfg = X86|Windows Mobile 5.0 Pocket PC SDK (ARMV4I)
		{E25D81D5-F8ED-497E-B1CF-67A7B3ABBACF}.PXA270|Windows Mobile 5.0 Pocket PC SDK (ARMV4I).ActiveCfg = X86|Windows Mobile 5.0 Pocket PC SDK (ARMV4I)
		{E25D81D5-F8ED-497E-B1CF-67A7B3ABBACF}.PXA270|x64.ActiveCfg = X86|x64
		{E25D81D5-F8ED-497E-B1CF-67A7B3ABBACF}.PXA270|x64.Build.0 = X86|x64
		{E25D81D5-F8ED-497E-B1CF-67A7B3ABBACF}.x64|Pocket PC 2003 (ARMV4).ActiveCfg = x64|x64
		{E25D81D5-F8ED-497E-B1CF-67A7B3ABBACF}.x64|Win32.ActiveCfg = x64|Win32
		{E25D81D5-F8ED-497E-B1CF-67A7B3ABBACF}.x64|Win32.Build.0 = x64|Win32
		{E25D81D5-F8ED-497E-B1CF-67A7B3ABBACF}.x64|Windows Mobile 5.0 Pocket PC SDK (ARMV4I).ActiveCfg = x64|Windows Mobile 5.0 Pocket PC SDK (ARMV4I)
		{E25D81D5-F8ED-497E-B1CF-67A7B3ABBACF}.x64|Windows Mobile 5.0 Pocket PC SDK (ARMV4I).Build.0 = x64|Windows Mobile 5.0 Pocket PC SDK (ARMV4I)
		{E25D81D5-F8ED-497E-B1CF-67A7B3ABBACF}.x64|x64.ActiveCfg = x64|x64
		{E25D81D5-F8ED-497E-B1CF-67A7B3ABBACF}.x64|x64.Build.0 = x64|x64
		{E25D81D5-F8ED-497E-B1CF-67A7B3ABBACF}.X86|Pocket PC 2003 (ARMV4).ActiveCfg = X86|Windows Mobile 5.0 Pocket PC SDK (ARMV4I)
		{E25D81D5-F8ED-497E-B1CF-67A7B3ABBACF}.X86|Win32.ActiveCfg = X86|Win32
		{E25D81D5-F8ED-497E-B1CF-67A7B3ABBACF}.X86|Win32.Build.0 = X86|Win32
		{E25D81D5-F8ED-497E-B1CF-67A7B3ABBACF}.X86|Windows Mobile 5.0 Pocket PC SDK (ARMV4I).ActiveCfg = X86|Windows Mobile 5.0 Pocket PC SDK (ARMV4I)
		{E25D81D5-F8ED-497E-B1CF-67A7B3ABBACF}.X86|Windows Mobile 5.0 Pocket PC SDK (ARMV4I).Build.0 = X86|Windows Mobile 5.0 Pocket PC SDK (ARMV4I)
		{E25D81D5-F8ED-497E-B1CF-67A7B3ABBACF}.X86|Windows Mobile 5.0 Pocket PC SDK (ARMV4I).Deploy.0 = X86|Windows Mobile 5.0 Pocket PC SDK (ARMV4I)
		{E25D81D5-F8ED-497E-B1CF-67A7B3ABBACF}.X86|x64.ActiveCfg = X86|x64
		{A8EA09F9-A64B-4C72-85C7-49329D825C8C}.PXA255|Pocket PC 2003 (ARMV4).ActiveCfg = X86|Windows Mobile 5.0 Pocket PC SDK (ARMV4I)
		{A8EA09F9-A64B-4C72-85C7-49329D825C8C}.PXA255|Win32.ActiveCfg = X86|Windows Mobile 5.0 Pocket PC SDK (ARMV4I)
		{A8EA09F9-A64B-4C72-85C7-49329D825C8C}.PXA255|Windows Mobile 5.0 Pocket PC SDK (ARMV4I).ActiveCfg = X86|Windows Mobile 5.0 Pocket PC SDK (ARMV4I)
		{A8EA09F9-A64B-4C72-85C7-49329D825C8C}.PXA255|x64.ActiveCfg = X86|x64
		{A8EA09F9-A64B-4C72-85C7-49329D825C8C}.PXA255|x64.Build.0 = X86|x64
		{A8EA09F9-A64B-4C72-85C7-49329D825C8C}.PXA270|Pocket PC 2003 (ARMV4).ActiveCfg = X86|Windows Mobile 5.0 Pocket PC SDK (ARMV4I)
		{A8EA09F9-A64B-4C72-85C7-49329D825C8C}.PXA270|Win32.ActiveCfg = X86|Windows Mobile 5.0 Pocket PC SDK (ARMV4I)
		{A8EA09F9-A64B-4C72-85C7-49329D825C8C}.PXA270|Windows Mobile 5.0 Pocket PC SDK (ARMV4I).ActiveCfg = X86|Windows Mobile 5.0 Pocket PC SDK (ARMV4I)
		{A8EA09F9-A64B-4C72-85C7-49329D825C8C}.PXA270|x64.ActiveCfg = X86|x64
		{A8EA09F9-A64B-4C72-85C7-49329D825C8C}.PXA270|x64.Build.0 = X86|x64
		{A8EA09F9-A64B-4C72-85C7-49329D825C8C}.x64|Pocket PC 2003 (ARMV4).ActiveCfg = x64|x64
		{A8EA09F9-A64B-4C72-85C7-49329D825C8C}.x64|Win32.ActiveCfg = x64|Win32
		{A8EA09F9-A64B-4C72-85C7-49329D825C8C}.x64|Win32.Build.0 = x64|Win32
		{A8EA09F9-A64B-4C72-85C7-49329D825C8C}.x64|Windows Mobile 5.0 Pocket PC SDK (ARMV4I).ActiveCfg = x64|Windows Mobile 5.0 Pocket PC SDK (ARMV4I)
		{A8EA09F9-A64B-4C72-85C7-49329D825C8C}.x64|Windows Mobile 5.0 Pocket PC SDK (ARMV4I).Build.0 = x64|Windows Mobile 5.0 Pocket PC SDK (ARMV4I)
		{A8EA09F9-A64B-4C72-85C7-49329D825C8C}.x64|x64.ActiveCfg = x64|x64
		{A8EA09F9-A64B-4C72-85C7-49329D825C8C}.x64|x64.Build.0 = x64|x64
		{A8EA09F9-A64B-4C72-85C7-49329D825C8C}.X86|Pocket PC 2003 (ARMV4).ActiveCfg = X86|Windows Mobile 5.0 Pocket PC SDK (ARMV4I)
		{A8EA09F9-A64B-4C72-85C7-49329D825C8C}.X86|Win32.ActiveCfg = X86|Win32
		{A8EA09F9-A64B-4C72-85C7-49329D825C8C}.X86|Win32.Build.0 = X86|Win32
		{A8EA09F9-A64B-4C72-85C7-49329D825C8C}.X86|Windows Mobile 5.0 Pocket PC SDK (ARMV4I).ActiveCfg = X86|Windows Mobile 5.0 Pocket PC SDK (ARMV4I)
		{A8EA09F9-A64B-4C72-85C7-49329D825C8C}.X86|Windows Mobile 5.0 Pocket PC SDK (ARMV4I).Build.0 = X86|Windows Mobile 5.0 Pocket PC SDK (ARMV4I)
		{A8EA09F9-A64B-4C72-85C7-49329D825C8C}.X86|Windows Mobile 5.0 Pocket PC SDK (ARMV4I).Deploy.0 = X86|Windows Mobile 5.0 Pocket PC SDK (ARMV4I)
		{A8EA09F9-A64B-4C72-85C7-49329D825C8C}.X86|x64.ActiveCfg = X86|x64
		{34AA97D8-C550-44A4-94CE-77504F2F8063}.PXA255|Pocket PC 2003 (ARMV4).ActiveCfg = X86|Windows Mobile 5.0 Pocket PC SDK (ARMV4I)
		{34AA97D8-C550-44A4-94CE-77504F2F8063}.PXA255|Win32.ActiveCfg = X86|Windows Mobile 5.0 Pocket PC SDK (ARMV4I)
		{34AA97D8-C550-44A4-94CE-77504F2F8063}.PXA255|Windows Mobile 5.0 Pocket PC SDK (ARMV4I).ActiveCfg = X86|Windows Mobile 5.0 Pocket PC SDK (ARMV4I)
		{34AA97D8-C550-44A4-94CE-77504F2F8063}.PXA255|x64.ActiveCfg = X86|x64
		{34AA97D8-C550-44A4-94CE-77504F2F8063}.PXA255|x64.Build.0 = X86|x64
		{34AA97D8-C550-44A4-94CE-77504F2F8063}.PXA270|Pocket PC 2003 (ARMV4).ActiveCfg = X86|Windows Mobile 5.0 Pocket PC SDK (ARMV4I)
		{34AA97D8-C550-44A4-94CE-77504F2F8063}.PXA270|Win32.ActiveCfg = X86|Windows Mobile 5.0 Pocket PC SDK (ARMV4I)
		{34AA97D8-C550-44A4-94CE-77504F2F8063}.PXA270|Windows Mobile 5.0 Pocket PC SDK (ARMV4I).ActiveCfg = X86|Windows Mobile 5.0 Pocket PC SDK (ARMV4I)
		{34AA97D8-C550-44A4-94CE-77504F2F8063}.PXA270|x64.ActiveCfg = X86|x64
		{34AA97D8-C550-44A4-94CE-77504F2F8063}.PXA270|x64.Build.0 = X86|x64
		{34AA97D8-C550-44A4-94CE-77504F2F8063}.x64|Pocket PC 2003 (ARMV4).ActiveCfg = x64|x64
		{34AA97D8-C550-44A4-94CE-77504F2F8063}.x64|Win32.ActiveCfg = x64|Win32
		{34AA97D8-C550-44A4-94CE-77504F2F8063}.x64|Win32.Build.0 = x64|Win32
		{34AA97D8-C550-44A4-94CE-77504F2F8063}.x64|Windows Mobile 5.0 Pocket PC SDK (ARMV4I).ActiveCfg = x64|Windows Mobile 5.0 Pocket PC SDK (ARMV4I)
		{34AA97D8-C550-44A4-94CE-77504F2F8063}.x64|Windows Mobile 5.0 Pocket PC SDK (ARMV4I).Build.0 = x64|Windows Mobile 5.0 Pocket PC SDK (ARMV4I)
		{34AA97D8-C550-44A4-94CE-77504F2F8063}.x64|x64.ActiveCfg = x64|x64
		{34AA97D8-C550-44A4-94CE-77504F2F8063}.x64|x64.Build.0 = x64|x64
		{34AA97D8-C550-44A4-94CE-77504F2F8063}.X86|Pocket PC 2003 (ARMV4).ActiveCfg = X86|Windows Mobile 5.0 Pocket PC SDK (ARMV4I)
		{34AA97D8-C550-44A4-94CE-77504F2F8063}.X86|Win32.ActiveCfg = X86|Win32
		{34AA97D8-C550-44A4-94CE-77504F2F8063}.X86|Win32.Build.0 = X86|Win32
		{34AA97D8-C550-44A4-94CE-77504F2F8063}.X86|Windows Mobile 5.0 Pocket PC SDK (ARMV4I).ActiveCfg = X86|Windows Mobile 5.0 Pocket PC SDK (ARMV4I)
		{34AA97D8-C550-44A4-94CE-77504F2F8063}.X86|Windows Mobile 5.0 Pocket PC SDK (ARMV4I).Build.0 = X86|Windows Mobile 5.0 Pocket PC SDK (ARMV4I)
		{34AA97D8-C550-44A4-94CE-77504F2F8063}.X86|Windows Mobile 5.0 Pocket PC SDK (ARMV4I).Deploy.0 = X86|Windows Mobile 5.0 Pocket PC SDK (ARMV4I)
		{34AA97D8-C550-44A4-94CE-77504F2F8063}.X86|x64.ActiveCfg = X86|x64
		{1AAF4E62-4609-480C-931B-D7DA8C23C34E}.PXA255|Pocket PC 2003 (ARMV4).ActiveCfg = X86|Windows Mobile 5.0 Pocket PC SDK (ARMV4I)
		{1AAF4E62-4609-480C-931B-D7DA8C23C34E}.PXA255|Win32.ActiveCfg = X86|Windows Mobile 5.0 Pocket PC SDK (ARMV4I)
		{1AAF4E62-4609-480C-931B-D7DA8C23C34E}.PXA255|Windows Mobile 5.0 Pocket PC SDK (ARMV4I).ActiveCfg = X86|Windows Mobile 5.0 Pocket PC SDK (ARMV4I)
		{1AAF4E62-4609-480C-931B-D7DA8C23C34E}.PXA255|x64.ActiveCfg = X86|x64
		{1AAF4E62-4609-480C-931B-D7DA8C23C34E}.PXA255|x64.Build.0 = X86|x64
		{1AAF4E62-4609-480C-931B-D7DA8C23C34E}.PXA270|Pocket PC 2003 (ARMV4).ActiveCfg = X86|Windows Mobile 5.0 Pocket PC SDK (ARMV4I)
		{1AAF4E62-4609-480C-931B-D7DA8C23C34E}.PXA270|Win32.ActiveCfg = X86|Windows Mobile 5.0 Pocket PC SDK (ARMV4I)
		{1AAF4E62-4609-480C-931B-D7DA8C23C34E}.PXA270|Windows Mobile 5.0 Pocket PC SDK (ARMV4I).ActiveCfg = X86|Windows Mobile 5.0 Pocket PC SDK (ARMV4I)
		{1AAF4E62-4609-480C-931B-D7DA8C23C34E}.PXA270|x64.ActiveCfg = X86|x64
		{1AAF4E62-4609-480C-931B-D7DA8C23C34E}.PXA270|x64.Build.0 = X86|x64
		{1AAF4E62-4609-480C-931B-D7DA8C23C34E}.x64|Pocket PC 2003 (ARMV4).ActiveCfg = x64|x64
		{1AAF4E62-4609-480C-931B-D7DA8C23C34E}.x64|Win32.ActiveCfg = x64|Win32
		{1AAF4E62-4609-480C-931B-D7DA8C23C34E}.x64|Win32.Build.0 = x64|Win32
		{1AAF4E62-4609-480C-931B-D7DA8C23C34E}.x64|Windows Mobile 5.0 Pocket PC SDK (ARMV4I).ActiveCfg = x64|Windows Mobile 5.0 Pocket PC SDK (ARMV4I)
		{1AAF4E62-4609-480C-931B-D7DA8C23C34E}.x64|Windows Mobile 5.0 Pocket PC SDK (ARMV4I).Build.0 = x64|Windows Mobile 5.0 Pocket PC SDK (ARMV4I)
		{1AAF4E62-4609-480C-931B-D7DA8C23C34E}.x64|x64.ActiveCfg = x64|x64
		{1AAF4E62-4609-480C-931B-D7DA8C23C34E}.x64|x64.Build.0 = x64|x64
		{1AAF4E62-4609-480C-931B-D7DA8C23C34E}.X86|Pocket PC 2003 (ARMV4).ActiveCfg = X86|Windows Mobile 5.0 Pocket PC SDK (ARMV4I)
		{1AAF4E62-4609-480C-931B-D7DA8C23C34E}.X86|Win32.ActiveCfg = X86|Win32
		{1AAF4E62-4609-480C-931B-D7DA8C23C34E}.X86|Win32.Build.0 = X86|Win32
		{1AAF4E62-4609-480C-931B-D7DA8C23C34E}.X86|Windows Mobile 5.0 Pocket PC SDK (ARMV4I).ActiveCfg = X86|Windows Mobile 5.0 Pocket PC SDK (ARMV4I)
		{1AAF4E62-4609-480C-931B-D7DA8C23C34E}.X86|Windows Mobile 5.0 Pocket PC SDK (ARMV4I).Build.0 = X86|Windows Mobile 5.0 Pocket PC SDK (ARMV4I)
		{1AAF4E62-4609-480C-931B-D7DA8C23C34E}.X86|Windows Mobile 5.0 Pocket PC SDK (ARMV4I).Deploy.0 = X86|Windows Mobile 5.0 Pocket PC SDK (ARMV4I)
		{1AAF4E62-4609-480C-931B-D7DA8C23C34E}.X86|x64.ActiveCfg = X86|x64
		{CA42BB55-9105-4062-AD7F-88367B09452A}.PXA255|Pocket PC 2003 (ARMV4).ActiveCfg = X86|Windows Mobile 5.0 Pocket PC SDK (ARMV4I)
		{CA42BB55-9105-4062-AD7F-88367B09452A}.PXA255|Win32.ActiveCfg = X86|Windows Mobile 5.0 Pocket PC SDK (ARMV4I)
		{CA42BB55-9105-4062-AD7F-88367B09452A}.PXA255|Windows Mobile 5.0 Pocket PC SDK (ARMV4I).ActiveCfg = X86|Windows Mobile 5.0 Pocket PC SDK (ARMV4I)
		{CA42BB55-9105-4062-AD7F-88367B09452A}.PXA255|x64.ActiveCfg = X86|x64
		{CA42BB55-9105-4062-AD7F-88367B09452A}.PXA255|x64.Build.0 = X86|x64
		{CA42BB55-9105-4062-AD7F-88367B09452A}.PXA270|Pocket PC 2003 (ARMV4).ActiveCfg = X86|Windows Mobile 5.0 Pocket PC SDK (ARMV4I)
		{CA42BB55-9105-4062-AD7F-88367B09452A}.PXA270|Win32.ActiveCfg = X86|Windows Mobile 5.0 Pocket PC SDK (ARMV4I)
		{CA42BB55-9105-4062-AD7F-88367B09452A}.PXA270|Windows Mobile 5.0 Pocket PC SDK (ARMV4I).ActiveCfg = X86|Windows Mobile 5.0 Pocket PC SDK (ARMV4I)
		{CA42BB55-9105-4062-AD7F-88367B09452A}.PXA270|x64.ActiveCfg = X86|x64
		{CA42BB55-9105-4062-AD7F-88367B09452A}.PXA270|x64.Build.0 = X86|x64
		{CA42BB55-9105-4062-AD7F-88367B09452A}.x64|Pocket PC 2003 (ARMV4).ActiveCfg = x64|x64
		{CA42BB55-9105-4062-AD7F-88367B09452A}.x64|Win32.ActiveCfg = x64|Win32
		{CA42BB55-9105-4062-AD7F-88367B09452A}.x64|Win32.Build.0 = x64|Win32
		{CA42BB55-9105-4062-AD7F-88367B09452A}.x64|Windows Mobile 5.0 Pocket PC SDK (ARMV4I).ActiveCfg = x64|Windows Mobile 5.0 Pocket PC SDK (ARMV4I)
		{CA42BB55-9105-4062-AD7F-88367B09452A}.x64|Windows Mobile 5.0 Pocket PC SDK (ARMV4I).Build.0 = x64|Windows Mobile 5.0 Pocket PC SDK (ARMV4I)
		{CA42BB55-9105-4062-AD7F-88367B09452A}.x64|x64.ActiveCfg = x64|x64
		{CA42BB55-9105-4062-AD7F-88367B09452A}.x64|x64.Build.0 = x64|x64
		{CA42BB55-9105-4062-AD7F-88367B09452A}.X86|Pocket PC 2003 (ARMV4).ActiveCfg = X86|Windows Mobile 5.0 Pocket PC SDK (ARMV4I)
		{CA42BB55-9105-4062-AD7F-88367B09452A}.X86|Win32.ActiveCfg = X86|Win32
		{CA42BB55-9105-4062-AD7F-88367B09452A}.X86|Win32.Build.0 = X86|Win32
		{CA42BB55-9105-4062-AD7F-88367B09452A}.X86|Windows Mobile 5.0 Pocket PC SDK (ARMV4I).ActiveCfg = X86|Windows Mobile 5.0 Pocket PC SDK (ARMV4I)
		{CA42BB55-9105-4062-AD7F-88367B09452A}.X86|Windows Mobile 5.0 Pocket PC SDK (ARMV4I).Build.0 = X86|Windows Mobile 5.0 Pocket PC SDK (ARMV4I)
		{CA42BB55-9105-4062-AD7F-88367B09452A}.X86|Windows Mobile 5.0 Pocket PC SDK (ARMV4I).Deploy.0 = X86|Windows Mobile 5.0 Pocket PC SDK (ARMV4I)
		{CA42BB55-9105-4062-AD7F-88367B09452A}.X86|x64.ActiveCfg = X86|x64
		{F9D54B5C-37D0-4C1A-9839-6FC8E83D43F3}.PXA255|Pocket PC 2003 (ARMV4).ActiveCfg = PXA255|Pocket PC 2003 (ARMV4)
		{F9D54B5C-37D0-4C1A-9839-6FC8E83D43F3}.PXA255|Pocket PC 2003 (ARMV4).Build.0 = PXA255|Pocket PC 2003 (ARMV4)
		{F9D54B5C-37D0-4C1A-9839-6FC8E83D43F3}.PXA255|Pocket PC 2003 (ARMV4).Deploy.0 = PXA255|Pocket PC 2003 (ARMV4)
		{F9D54B5C-37D0-4C1A-9839-6FC8E83D43F3}.PXA255|Win32.ActiveCfg = PXA255|Win32
		{F9D54B5C-37D0-4C1A-9839-6FC8E83D43F3}.PXA255|Win32.Build.0 = PXA255|Win32
		{F9D54B5C-37D0-4C1A-9839-6FC8E83D43F3}.PXA255|Windows Mobile 5.0 Pocket PC SDK (ARMV4I).ActiveCfg = PXA255|Windows Mobile 5.0 Pocket PC SDK (ARMV4I)
		{F9D54B5C-37D0-4C1A-9839-6FC8E83D43F3}.PXA255|Windows Mobile 5.0 Pocket PC SDK (ARMV4I).Build.0 = PXA255|Windows Mobile 5.0 Pocket PC SDK (ARMV4I)
		{F9D54B5C-37D0-4C1A-9839-6FC8E83D43F3}.PXA255|Windows Mobile 5.0 Pocket PC SDK (ARMV4I).Deploy.0 = PXA255|Windows Mobile 5.0 Pocket PC SDK (ARMV4I)
		{F9D54B5C-37D0-4C1A-9839-6FC8E83D43F3}.PXA255|x64.ActiveCfg = PXA255|x64
		{F9D54B5C-37D0-4C1A-9839-6FC8E83D43F3}.PXA255|x64.Build.0 = PXA255|x64
		{F9D54B5C-37D0-4C1A-9839-6FC8E83D43F3}.PXA270|Pocket PC 2003 (ARMV4).ActiveCfg = PXA270|Pocket PC 2003 (ARMV4)
		{F9D54B5C-37D0-4C1A-9839-6FC8E83D43F3}.PXA270|Pocket PC 2003 (ARMV4).Build.0 = PXA270|Pocket PC 2003 (ARMV4)
		{F9D54B5C-37D0-4C1A-9839-6FC8E83D43F3}.PXA270|Pocket PC 2003 (ARMV4).Deploy.0 = PXA270|Pocket PC 2003 (ARMV4)
		{F9D54B5C-37D0-4C1A-9839-6FC8E83D43F3}.PXA270|Win32.ActiveCfg = PXA270|Win32
		{F9D54B5C-37D0-4C1A-9839-6FC8E83D43F3}.PXA270|Win32.Build.0 = PXA270|Win32
		{F9D54B5C-37D0-4C1A-9839-6FC8E83D43F3}.PXA270|Windows Mobile 5.0 Pocket PC SDK (ARMV4I).ActiveCfg = PXA270|Windows Mobile 5.0 Pocket PC SDK (ARMV4I)
		{F9D54B5C-37D0-4C1A-9839-6FC8E83D43F3}.PXA270|Windows Mobile 5.0 Pocket PC SDK (ARMV4I).Build.0 = PXA270|Windows Mobile 5.0 Pocket PC SDK (ARMV4I)
		{F9D54B5C-37D0-4C1A-9839-6FC8E83D43F3}.PXA270|Windows Mobile 5.0 Pocket PC SDK (ARMV4I).Deploy.0 = PXA270|Windows Mobile 5.0 Pocket PC SDK (ARMV4I)
		{F9D54B5C-37D0-4C1A-9839-6FC8E83D43F3}.PXA270|x64.ActiveCfg = PXA270|x64
		{F9D54B5C-37D0-4C1A-9839-6FC8E83D43F3}.PXA270|x64.Build.0 = PXA270|x64
		{F9D54B5C-37D0-4C1A-9839-6FC8E83D43F3}.x64|Pocket PC 2003 (ARMV4).ActiveCfg = x64|Pocket PC 2003 (ARMV4)
		{F9D54B5C-37D0-4C1A-9839-6FC8E83D43F3}.x64|Pocket PC 2003 (ARMV4).Build.0 = x64|Pocket PC 2003 (ARMV4)
		{F9D54B5C-37D0-4C1A-9839-6FC8E83D43F3}.x64|Pocket PC 2003 (ARMV4).Deploy.0 = x64|Pocket PC 2003 (ARMV4)
		{F9D54B5C-37D0-4C1A-9839-6FC8E83D43F3}.x64|Win32.ActiveCfg = x64|Win32
		{F9D54B5C-37D0-4C1A-9839-6FC8E83D43F3}.x64|Win32.Build.0 = x64|Win32
		{F9D54B5C-37D0-4C1A-9839-6FC8E83D43F3}.x64|Windows Mobile 5.0 Pocket PC SDK (ARMV4I).ActiveCfg = x64|Windows Mobile 5.0 Pocket PC SDK (ARMV4I)
		{F9D54B5C-37D0-4C1A-9839-6FC8E83D43F3}.x64|Windows Mobile 5.0 Pocket PC SDK (ARMV4I).Build.0 = x64|Windows Mobile 5.0 Pocket PC SDK (ARMV4I)
		{F9D54B5C-37D0-4C1A-9839-6FC8E83D43F3}.x64|Windows Mobile 5.0 Pocket PC SDK (ARMV4I).Deploy.0 = x64|Windows Mobile 5.0 Pocket PC SDK (ARMV4I)
		{F9D54B5C-37D0-4C1A-9839-6FC8E83D43F3}.x64|x64.ActiveCfg = x64|x64
		{F9D54B5C-37D0-4C1A-9839-6FC8E83D43F3}.x64|x64.Build.0 = x64|x64
		{F9D54B5C-37D0-4C1A-9839-6FC8E83D43F3}.X86|Pocket PC 2003 (ARMV4).ActiveCfg = X86|Pocket PC 2003 (ARMV4)
		{F9D54B5C-37D0-4C1A-9839-6FC8E83D43F3}.X86|Pocket PC 2003 (ARMV4).Build.0 = X86|Pocket PC 2003 (ARMV4)
		{F9D54B5C-37D0-4C1A-9839-6FC8E83D43F3}.X86|Pocket PC 2003 (ARMV4).Deploy.0 = X86|Pocket PC 2003 (ARMV4)
		{F9D54B5C-37D0-4C1A-9839-6FC8E83D43F3}.X86|Win32.ActiveCfg = X86|Win32
		{F9D54B5C-37D0-4C1A-9839-6FC8E83D43F3}.X86|Win32.Build.0 = X86|Win32
		{F9D54B5C-37D0-4C1A-9839-6FC8E83D43F3}.X86|Windows Mobile 5.0 Pocket PC SDK (ARMV4I).ActiveCfg = X86|Windows Mobile 5.0 Pocket PC SDK (ARMV4I)
		{F9D54B5C-37D0-4C1A-9839-6FC8E83D43F3}.X86|Windows Mobile 5.0 Pocket PC SDK (ARMV4I).Build.0 = X86|Windows Mobile 5.0 Pocket PC SDK (ARMV4I)
		{F9D54B5C-37D0-4C1A-9839-6FC8E83D43F3}.X86|Windows Mobile 5.0 Pocket PC SDK (ARMV4I).Deploy.0 = X86|Windows Mobile 5.0 Pocket PC SDK (ARMV4I)
		{F9D54B5C-37D0-4C1A-9839-6FC8E83D43F3}.X86|x64.ActiveCfg = X86|x64
		{F9D54B5C-37D0-4C1A-9839-6FC8E83D43F3}.X86|x64.Build.0 = X86|x64
		{0BE943DA-B2B4-4352-819F-6A8309230101}.PXA255|Pocket PC 2003 (ARMV4).ActiveCfg = PXA255|Pocket PC 2003 (ARMV4)
		{0BE943DA-B2B4-4352-819F-6A8309230101}.PXA255|Pocket PC 2003 (ARMV4).Build.0 = PXA255|Pocket PC 2003 (ARMV4)
		{0BE943DA-B2B4-4352-819F-6A8309230101}.PXA255|Pocket PC 2003 (ARMV4).Deploy.0 = PXA255|Pocket PC 2003 (ARMV4)
		{0BE943DA-B2B4-4352-819F-6A8309230101}.PXA255|Win32.ActiveCfg = PXA255|Win32
		{0BE943DA-B2B4-4352-819F-6A8309230101}.PXA255|Win32.Build.0 = PXA255|Win32
		{0BE943DA-B2B4-4352-819F-6A8309230101}.PXA255|Windows Mobile 5.0 Pocket PC SDK (ARMV4I).ActiveCfg = PXA255|Windows Mobile 5.0 Pocket PC SDK (ARMV4I)
		{0BE943DA-B2B4-4352-819F-6A8309230101}.PXA255|Windows Mobile 5.0 Pocket PC SDK (ARMV4I).Build.0 = PXA255|Windows Mobile 5.0 Pocket PC SDK (ARMV4I)
		{0BE943DA-B2B4-4352-819F-6A8309230101}.PXA255|Windows Mobile 5.0 Pocket PC SDK (ARMV4I).Deploy.0 = PXA255|Windows Mobile 5.0 Pocket PC SDK (ARMV4I)
		{0BE943DA-B2B4-4352-819F-6A8309230101}.PXA255|x64.ActiveCfg = PXA255|x64
		{0BE943DA-B2B4-4352-819F-6A8309230101}.PXA255|x64.Build.0 = PXA255|x64
		{0BE943DA-B2B4-4352-819F-6A8309230101}.PXA270|Pocket PC 2003 (ARMV4).ActiveCfg = PXA270|Pocket PC 2003 (ARMV4)
		{0BE943DA-B2B4-4352-819F-6A8309230101}.PXA270|Pocket PC 2003 (ARMV4).Build.0 = PXA270|Pocket PC 2003 (ARMV4)
		{0BE943DA-B2B4-4352-819F-6A8309230101}.PXA270|Pocket PC 2003 (ARMV4).Deploy.0 = PXA270|Pocket PC 2003 (ARMV4)
		{0BE943DA-B2B4-4352-819F-6A8309230101}.PXA270|Win32.ActiveCfg = PXA270|Win32
		{0BE943DA-B2B4-4352-819F-6A8309230101}.PXA270|Win32.Build.0 = PXA270|Win32
		{0BE943DA-B2B4-4352-819F-6A8309230101}.PXA270|Windows Mobile 5.0 Pocket PC SDK (ARMV4I).ActiveCfg = PXA270|Windows Mobile 5.0 Pocket PC SDK (ARMV4I)
		{0BE943DA-B2B4-4352-819F-6A8309230101}.PXA270|Windows Mobile 5.0 Pocket PC SDK (ARMV4I).Build.0 = PXA270|Windows Mobile 5.0 Pocket PC SDK (ARMV4I)
		{0BE943DA-B2B4-4352-819F-6A8309230101}.PXA270|Windows Mobile 5.0 Pocket PC SDK (ARMV4I).Deploy.0 = PXA270|Windows Mobile 5.0 Pocket PC SDK (ARMV4I)
		{0BE943DA-B2B4-4352-819F-6A8309230101}.PXA270|x64.ActiveCfg = PXA270|x64
		{0BE943DA-B2B4-4352-819F-6A8309230101}.PXA270|x64.Build.0 = PXA270|x64
		{0BE943DA-B2B4-4352-819F-6A8309230101}.x64|Pocket PC 2003 (ARMV4).ActiveCfg = x64|Pocket PC 2003 (ARMV4)
		{0BE943DA-B2B4-4352-819F-6A8309230101}.x64|Pocket PC 2003 (ARMV4).Build.0 = x64|Pocket PC 2003 (ARMV4)
		{0BE943DA-B2B4-4352-819F-6A8309230101}.x64|Pocket PC 2003 (ARMV4).Deploy.0 = x64|Pocket PC 2003 (ARMV4)
		{0BE943DA-B2B4-4352-819F-6A8309230101}.x64|Win32.ActiveCfg = x64|Win32
		{0BE943DA-B2B4-4352-819F-6A8309230101}.x64|Win32.Build.0 = x64|Win32
		{0BE943DA-B2B4-4352-819F-6A8309230101}.x64|Windows Mobile 5.0 Pocket PC SDK (ARMV4I).ActiveCfg = x64|Windows Mobile 5.0 Pocket PC SDK (ARMV4I)
		{0BE943DA-B2B4-4352-819F-6A8309230101}.x64|Windows Mobile 5.0 Pocket PC SDK (ARMV4I).Build.0 = x64|Windows Mobile 5.0 Pocket PC SDK (ARMV4I)
		{0BE943DA-B2B4-4352-819F-6A8309230101}.x64|Windows Mobile 5.0 Pocket PC SDK (ARMV4I).Deploy.0 = x64|Windows Mobile 5.0 Pocket PC SDK (ARMV4I)
		{0BE943DA-B2B4-4352-819F-6A8309230101}.x64|x64.ActiveCfg = x64|x64
		{0BE943DA-B2B4-4352-819F-6A8309230101}.x64|x64.Build.0 = x64|x64
		{0BE943DA-B2B4-4352-819F-6A8309230101}.X86|Pocket PC 2003 (ARMV4).ActiveCfg = X86|Pocket PC 2003 (ARMV4)
		{0BE943DA-B2B4-4352-819F-6A8309230101}.X86|Pocket PC 2003 (ARMV4).Build.0 = X86|Pocket PC 2003 (ARMV4)
		{0BE943DA-B2B4-4352-819F-6A8309230101}.X86|Pocket PC 2003 (ARMV4).Deploy.0 = X86|Pocket PC 2003 (ARMV4)
		{0BE943DA-B2B4-4352-819F-6A8309230101}.X86|Win32.ActiveCfg = X86|Win32
		{0BE943DA-B2B4-4352-819F-6A8309230101}.X86|Win32.Build.0 = X86|Win32
		{0BE943DA-B2B4-4352-819F-6A8309230101}.X86|Windows Mobile 5.0 Pocket PC SDK (ARMV4I).ActiveCfg = X86|Windows Mobile 5.0 Pocket PC SDK (ARMV4I)
		{0BE943DA-B2B4-4352-819F-6A8309230101}.X86|Windows Mobile 5.0 Pocket PC SDK (ARMV4I).Build.0 = X86|Windows Mobile 5.0 Pocket PC SDK (ARMV4I)
		{0BE943DA-B2B4-4352-819F-6A8309230101}.X86|Windows Mobile 5.0 Pocket PC SDK (ARMV4I).Deploy.0 = X86|Windows Mobile 5.0 Pocket PC SDK (ARMV4I)
		{0BE943DA-B2B4-4352-819F-6A8309230101}.X86|x64.ActiveCfg = X86|x64
		{0BE943DA-B2B4-4352-819F-6A8309230101}.X86|x64.Build.0 = X86|x64
		{5047744F-0DFF-4220-954E-3782B552DAA5}.PXA255|Pocket PC 2003 (ARMV4).ActiveCfg = ReleaseUnicode|x64
		{5047744F-0DFF-4220-954E-3782B552DAA5}.PXA255|Win32.ActiveCfg = ReleaseUnicode|x64
		{5047744F-0DFF-4220-954E-3782B552DAA5}.PXA255|Windows Mobile 5.0 Pocket PC SDK (ARMV4I).ActiveCfg = ReleaseUnicode|x64
		{5047744F-0DFF-4220-954E-3782B552DAA5}.PXA255|x64.ActiveCfg = ReleaseUnicode|x64
		{5047744F-0DFF-4220-954E-3782B552DAA5}.PXA255|x64.Build.0 = ReleaseUnicode|x64
		{5047744F-0DFF-4220-954E-3782B552DAA5}.PXA270|Pocket PC 2003 (ARMV4).ActiveCfg = ReleaseUnicode|x64
		{5047744F-0DFF-4220-954E-3782B552DAA5}.PXA270|Win32.ActiveCfg = ReleaseUnicode|x64
		{5047744F-0DFF-4220-954E-3782B552DAA5}.PXA270|Windows Mobile 5.0 Pocket PC SDK (ARMV4I).ActiveCfg = ReleaseUnicode|x64
		{5047744F-0DFF-4220-954E-3782B552DAA5}.PXA270|x64.ActiveCfg = ReleaseUnicode|x64
		{5047744F-0DFF-4220-954E-3782B552DAA5}.PXA270|x64.Build.0 = ReleaseUnicode|x64
		{5047744F-0DFF-4220-954E-3782B552DAA5}.x64|Pocket PC 2003 (ARMV4).ActiveCfg = ReleaseUnicode|x64
		{5047744F-0DFF-4220-954E-3782B552DAA5}.x64|Win32.ActiveCfg = ReleaseUnicode|x64
		{5047744F-0DFF-4220-954E-3782B552DAA5}.x64|Windows Mobile 5.0 Pocket PC SDK (ARMV4I).ActiveCfg = ReleaseUnicode|x64
		{5047744F-0DFF-4220-954E-3782B552DAA5}.x64|x64.ActiveCfg = ReleaseUnicode|x64
		{5047744F-0DFF-4220-954E-3782B552DAA5}.x64|x64.Build.0 = ReleaseUnicode|x64
		{5047744F-0DFF-4220-954E-3782B552DAA5}.X86|Pocket PC 2003 (ARMV4).ActiveCfg = ReleaseUnicode|x64
		{5047744F-0DFF-4220-954E-3782B552DAA5}.X86|Win32.ActiveCfg = ReleaseUnicode|x64
		{5047744F-0DFF-4220-954E-3782B552DAA5}.X86|Windows Mobile 5.0 Pocket PC SDK (ARMV4I).ActiveCfg = ReleaseUnicode|x64
		{5047744F-0DFF-4220-954E-3782B552DAA5}.X86|x64.ActiveCfg = ReleaseUnicode|x64
		{5047744F-0DFF-4220-954E-3782B552DAA5}.X86|x64.Build.0 = ReleaseUnicode|x64
	EndGlobalSection
	GlobalSection(SolutionProperties) = preSolution
		HideSolutionNode = FALSE
	EndGlobalSection
	GlobalSection(NestedProjects) = preSolution
		{0D9ABC70-7D09-444C-A2AA-4930F53436A8} = {F6BBEAE7-3509-4DBD-A34A-30FE6CD40523}
		{F9D54B5C-37D0-4C1A-9839-6FC8E83D43F3} = {F6BBEAE7-3509-4DBD-A34A-30FE6CD40523}
		{0BE943DA-B2B4-4352-819F-6A8309230101} = {F6BBEAE7-3509-4DBD-A34A-30FE6CD40523}
		{82F0B17D-997F-46BC-AD8E-347C2D37318A} = {8DC2F8D0-D59F-4045-A043-6611783F5435}
		{105D19FA-1EE8-40CA-95D1-5C1594DD6FC3} = {8DC2F8D0-D59F-4045-A043-6611783F5435}
		{BABF383B-112D-4097-AED9-E3045F37BA8B} = {82F0B17D-997F-46BC-AD8E-347C2D37318A}
		{5405BD72-3014-4829-9E6D-49CE1D15E0D8} = {82F0B17D-997F-46BC-AD8E-347C2D37318A}
		{EBBA4D00-D5DC-40E0-8E80-0FD6FD35D1C0} = {82F0B17D-997F-46BC-AD8E-347C2D37318A}
		{E25D81D5-F8ED-497E-B1CF-67A7B3ABBACF} = {105D19FA-1EE8-40CA-95D1-5C1594DD6FC3}
		{A8EA09F9-A64B-4C72-85C7-49329D825C8C} = {105D19FA-1EE8-40CA-95D1-5C1594DD6FC3}
		{34AA97D8-C550-44A4-94CE-77504F2F8063} = {105D19FA-1EE8-40CA-95D1-5C1594DD6FC3}
		{1AAF4E62-4609-480C-931B-D7DA8C23C34E} = {105D19FA-1EE8-40CA-95D1-5C1594DD6FC3}
		{CA42BB55-9105-4062-AD7F-88367B09452A} = {105D19FA-1EE8-40CA-95D1-5C1594DD6FC3}
	EndGlobalSection
EndGlobal
